
Microsoft Visual Studio Solution File, Format Version 12.00
# Visual Studio Version 16
VisualStudioVersion = 16.0.29503.13
MinimumVisualStudioVersion = 10.0.40219.1
Project("{FAE04EC0-301F-11D3-BF4B-00C04F79EFBC}") = "iSAMS.BatchAPI.Demo.UI", "iSAMS.BatchAPI.Demo.UI\iSAMS.BatchAPI.Demo.UI.csproj", "{5E20D1BE-AD8F-460F-872E-F65C3B15AFC3}"
EndProject
Project("{FAE04EC0-301F-11D3-BF4B-00C04F79EFBC}") = "iSAMS.BatchAPI.Demo.Core", "iSAMS.BatchAPI.Demo.Core\iSAMS.BatchAPI.Demo.Core.csproj", "{F31E75FC-8BC1-4D8D-B1F9-DA49D92E9FE8}"
EndProject
Global
	GlobalSection(SolutionConfigurationPlatforms) = preSolution
		Debug|Any CPU = Debug|Any CPU
		Release|Any CPU = Release|Any CPU
	EndGlobalSection
	GlobalSection(ProjectConfigurationPlatforms) = postSolution
		{5E20D1BE-AD8F-460F-872E-F65C3B15AFC3}.Debug|Any CPU.ActiveCfg = Debug|Any CPU
		{5E20D1BE-AD8F-460F-872E-F65C3B15AFC3}.Debug|Any CPU.Build.0 = Debug|Any CPU
		{5E20D1BE-AD8F-460F-872E-F65C3B15AFC3}.Release|Any CPU.ActiveCfg = Release|Any CPU
		{5E20D1BE-AD8F-460F-872E-F65C3B15AFC3}.Release|Any CPU.Build.0 = Release|Any CPU
		{F31E75FC-8BC1-4D8D-B1F9-DA49D92E9FE8}.Debug|Any CPU.ActiveCfg = Debug|Any CPU
		{F31E75FC-8BC1-4D8D-B1F9-DA49D92E9FE8}.Debug|Any CPU.Build.0 = Debug|Any CPU
		{F31E75FC-8BC1-4D8D-B1F9-DA49D92E9FE8}.Release|Any CPU.ActiveCfg = Release|Any CPU
		{F31E75FC-8BC1-4D8D-B1F9-DA49D92E9FE8}.Release|Any CPU.Build.0 = Release|Any CPU
	EndGlobalSection
	GlobalSection(SolutionProperties) = preSolution
		HideSolutionNode = FALSE
	EndGlobalSection
	GlobalSection(ExtensibilityGlobals) = postSolution
		SolutionGuid = {63B5041F-A9AF-468A-BD62-90B277CD9AA6}
	EndGlobalSection
EndGlobal
